
Microsoft Visual Studio Solution File, Format Version 12.00
# Visual Studio Version 17
VisualStudioVersion = 17.8.34330.188
MinimumVisualStudioVersion = 10.0.40219.1
Project("{FAE04EC0-301F-11D3-BF4B-00C04F79EFBC}") = "zadach5122", "zadach5122\zadach5122.csproj", "{B6EF1F69-6D10-41FE-8E2A-2D368A04CDCA}"
EndProject
Global
	GlobalSection(SolutionConfigurationPlatforms) = preSolution
		Debug|Any CPU = Debug|Any CPU
		Release|Any CPU = Release|Any CPU
	EndGlobalSection
	GlobalSection(ProjectConfigurationPlatforms) = postSolution
		{B6EF1F69-6D10-41FE-8E2A-2D368A04CDCA}.Debug|Any CPU.ActiveCfg = Debug|Any CPU
		{B6EF1F69-6D10-41FE-8E2A-2D368A04CDCA}.Debug|Any CPU.Build.0 = Debug|Any CPU
		{B6EF1F69-6D10-41FE-8E2A-2D368A04CDCA}.Release|Any CPU.ActiveCfg = Release|Any CPU
		{B6EF1F69-6D10-41FE-8E2A-2D368A04CDCA}.Release|Any CPU.Build.0 = Release|Any CPU
	EndGlobalSection
	GlobalSection(SolutionProperties) = preSolution
		HideSolutionNode = FALSE
	EndGlobalSection
	GlobalSection(ExtensibilityGlobals) = postSolution
		SolutionGuid = {970F25DE-C0A2-4682-BAE3-307D21ED538D}
	EndGlobalSection
EndGlobal
